
Microsoft Visual Studio Solution File, Format Version 12.00
# Visual Studio Version 16
VisualStudioVersion = 16.0.30011.22
MinimumVisualStudioVersion = 10.0.40219.1
Project("{FAE04EC0-301F-11D3-BF4B-00C04F79EFBC}") = "GM_Lair", "GM_Lair\GM_Lair.csproj", "{991CE7E5-6B9A-4435-9753-22532C8DF7DF}"
EndProject
Global
	GlobalSection(SolutionConfigurationPlatforms) = preSolution
		Debug|Any CPU = Debug|Any CPU
		Release|Any CPU = Release|Any CPU
	EndGlobalSection
	GlobalSection(ProjectConfigurationPlatforms) = postSolution
		{991CE7E5-6B9A-4435-9753-22532C8DF7DF}.Debug|Any CPU.ActiveCfg = Debug|Any CPU
		{991CE7E5-6B9A-4435-9753-22532C8DF7DF}.Debug|Any CPU.Build.0 = Debug|Any CPU
		{991CE7E5-6B9A-4435-9753-22532C8DF7DF}.Release|Any CPU.ActiveCfg = Release|Any CPU
		{991CE7E5-6B9A-4435-9753-22532C8DF7DF}.Release|Any CPU.Build.0 = Release|Any CPU
	EndGlobalSection
	GlobalSection(SolutionProperties) = preSolution
		HideSolutionNode = FALSE
	EndGlobalSection
	GlobalSection(ExtensibilityGlobals) = postSolution
		SolutionGuid = {A39B0DE4-9357-4827-B6A6-A0812A018A58}
	EndGlobalSection
EndGlobal
